
Microsoft Visual Studio Solution File, Format Version 12.00
# Visual Studio 15
VisualStudioVersion = 15.0.27004.2009
MinimumVisualStudioVersion = 10.0.40219.1
Project("{FAE04EC0-301F-11D3-BF4B-00C04F79EFBC}") = "fisher", "fisher\fisher.csproj", "{93668F5E-8746-4070-AE80-19D2609EDE78}"
EndProject
Global
	GlobalSection(SolutionConfigurationPlatforms) = preSolution
		Debug|Any CPU = Debug|Any CPU
		Release|Any CPU = Release|Any CPU
	EndGlobalSection
	GlobalSection(ProjectConfigurationPlatforms) = postSolution
		{93668F5E-8746-4070-AE80-19D2609EDE78}.Debug|Any CPU.ActiveCfg = Debug|Any CPU
		{93668F5E-8746-4070-AE80-19D2609EDE78}.Debug|Any CPU.Build.0 = Debug|Any CPU
		{93668F5E-8746-4070-AE80-19D2609EDE78}.Release|Any CPU.ActiveCfg = Release|Any CPU
		{93668F5E-8746-4070-AE80-19D2609EDE78}.Release|Any CPU.Build.0 = Release|Any CPU
	EndGlobalSection
	GlobalSection(SolutionProperties) = preSolution
		HideSolutionNode = FALSE
	EndGlobalSection
	GlobalSection(ExtensibilityGlobals) = postSolution
		SolutionGuid = {10017706-D0A3-4594-BD5E-4DFBFA8ED2D2}
	EndGlobalSection
EndGlobal
